
Microsoft Visual Studio Solution File, Format Version 12.00
# Visual Studio Version 16
VisualStudioVersion = 16.0.29102.190
MinimumVisualStudioVersion = 10.0.40219.1
Project("{FAE04EC0-301F-11D3-BF4B-00C04F79EFBC}") = "GraphQL.Api", "GraphQL.Api\GraphQL.Api.csproj", "{20FB724F-AD08-45BE-8757-690700D16CDC}"
EndProject
Global
	GlobalSection(SolutionConfigurationPlatforms) = preSolution
		Debug|Any CPU = Debug|Any CPU
		Release|Any CPU = Release|Any CPU
	EndGlobalSection
	GlobalSection(ProjectConfigurationPlatforms) = postSolution
		{20FB724F-AD08-45BE-8757-690700D16CDC}.Debug|Any CPU.ActiveCfg = Debug|Any CPU
		{20FB724F-AD08-45BE-8757-690700D16CDC}.Debug|Any CPU.Build.0 = Debug|Any CPU
		{20FB724F-AD08-45BE-8757-690700D16CDC}.Release|Any CPU.ActiveCfg = Release|Any CPU
		{20FB724F-AD08-45BE-8757-690700D16CDC}.Release|Any CPU.Build.0 = Release|Any CPU
	EndGlobalSection
	GlobalSection(SolutionProperties) = preSolution
		HideSolutionNode = FALSE
	EndGlobalSection
	GlobalSection(ExtensibilityGlobals) = postSolution
		SolutionGuid = {4BA392FF-70B4-4289-805D-93B709B8ACBE}
	EndGlobalSection
EndGlobal
